<?xml version="1.0" encoding="utf-8"?>
<Project ToolsVersion="4.0" xmlns="http://schemas.microsoft.com/developer/msbuild/2003">
  <ItemGroup>
    <Filter Include="소스 파일">
      <UniqueIdentifier>{4FC737F1-C7A5-4376-A066-2A32D752A2FF}</UniqueIdentifier>
      <Extensions>cpp;c;cc;cxx;def;odl;idl;hpj;bat;asm;asmx</Extensions>
    </Filter>
    <Filter Include="헤더 파일">
      <UniqueIdentifier>{93995380-89BD-4b04-88EB-625FBE52EBFB}</UniqueIdentifier>
      <Extensions>h;hpp;hxx;hm;inl;inc;xsd</Extensions>
    </Filter>
    <Filter Include="리소스 파일">
      <UniqueIdentifier>{67DA6AB6-F800-4c08-8B7A-83BB121AAD01}</UniqueIdentifier>
      <Extensions>rc;ico;cur;bmp;dlg;rc2;rct;bin;rgs;gif;jpg;jpeg;jpe;resx;tiff;tif;png;wav</Extensions>
    </Filter>
  </ItemGroup>
  <ItemGroup>
    <ClCompile Include="ARP.cpp">
      <Filter>소스 파일</Filter>
    </ClCompile>
    <ClCompile Include="CheckListCtrl.cpp">
      <Filter>소스 파일</Filter>
    </ClCompile>
    <ClCompile Include="ConnectCheckThread.cpp">
      <Filter>소스 파일</Filter>
    </ClCompile>
    <ClCompile Include="FactoryDefaultDlg.cpp">
      <Filter>소스 파일</Filter>
    </ClCompile>
    <ClCompile Include="IPChangeDlg.cpp">
      <Filter>소스 파일</Filter>
    </ClCompile>
    <ClCompile Include="IPChangeDlg2.cpp">
      <Filter>소스 파일</Filter>
    </ClCompile>
    <ClCompile Include="IPChangeThread.cpp">
      <Filter>소스 파일</Filter>
    </ClCompile>
    <ClCompile Include="IPScanUtil.cpp">
      <Filter>소스 파일</Filter>
    </ClCompile>
    <ClCompile Include="IPScanUtilDlg.cpp">
      <Filter>소스 파일</Filter>
    </ClCompile>
    <ClCompile Include="ListItem.cpp">
      <Filter>소스 파일</Filter>
    </ClCompile>
    <ClCompile Include="MessageQueue.cpp">
      <Filter>소스 파일</Filter>
    </ClCompile>
    <ClCompile Include="NetDef.cpp">
      <Filter>소스 파일</Filter>
    </ClCompile>
    <ClCompile Include="NetDef2.cpp">
      <Filter>소스 파일</Filter>
    </ClCompile>
    <ClCompile Include="NetServerScan.cpp">
      <Filter>소스 파일</Filter>
    </ClCompile>
    <ClCompile Include="NetUtil.cpp">
      <Filter>소스 파일</Filter>
    </ClCompile>
    <ClCompile Include="OSDChangeDlg.cpp">
      <Filter>소스 파일</Filter>
    </ClCompile>
    <ClCompile Include="OSDChangeThread.cpp">
      <Filter>소스 파일</Filter>
    </ClCompile>
    <ClCompile Include="OXMaskedEdit.cpp">
      <Filter>소스 파일</Filter>
    </ClCompile>
    <ClCompile Include="ProgressListCtrl.cpp">
      <Filter>소스 파일</Filter>
    </ClCompile>
    <ClCompile Include="ResolutionChangeDlg.cpp">
      <Filter>소스 파일</Filter>
    </ClCompile>
    <ClCompile Include="ResolutionChangeThread.cpp">
      <Filter>소스 파일</Filter>
    </ClCompile>
    <ClCompile Include="stdafx.cpp">
      <Filter>소스 파일</Filter>
    </ClCompile>
    <ClCompile Include="UpgradeDlg.cpp">
      <Filter>소스 파일</Filter>
    </ClCompile>
    <ClCompile Include="UpgradeThreadHttp.cpp">
      <Filter>소스 파일</Filter>
    </ClCompile>
    <ClCompile Include="UpgradeThreadTcp.cpp">
      <Filter>소스 파일</Filter>
    </ClCompile>
    <ClCompile Include="VHNetworkAdaptorInfo.cpp">
      <Filter>소스 파일</Filter>
    </ClCompile>
  </ItemGroup>
  <ItemGroup>
    <ClInclude Include="ARP.h">
      <Filter>헤더 파일</Filter>
    </ClInclude>
    <ClInclude Include="CheckListCtrl.h">
      <Filter>헤더 파일</Filter>
    </ClInclude>
    <ClInclude Include="ConnectCheckThread.h">
      <Filter>헤더 파일</Filter>
    </ClInclude>
    <ClInclude Include="FactoryDefaultDlg.h">
      <Filter>헤더 파일</Filter>
    </ClInclude>
    <ClInclude Include="IPChangeDlg.h">
      <Filter>헤더 파일</Filter>
    </ClInclude>
    <ClInclude Include="IPChangeDlg2.h">
      <Filter>헤더 파일</Filter>
    </ClInclude>
    <ClInclude Include="IPChangeThread.h">
      <Filter>헤더 파일</Filter>
    </ClInclude>
    <ClInclude Include="IPScanUtil.h">
      <Filter>헤더 파일</Filter>
    </ClInclude>
    <ClInclude Include="IPScanUtilDlg.h">
      <Filter>헤더 파일</Filter>
    </ClInclude>
    <ClInclude Include="ListItem.h">
      <Filter>헤더 파일</Filter>
    </ClInclude>
    <ClInclude Include="MessageQueue.h">
      <Filter>헤더 파일</Filter>
    </ClInclude>
    <ClInclude Include="NetDef.h">
      <Filter>헤더 파일</Filter>
    </ClInclude>
    <ClInclude Include="NetDef2.h">
      <Filter>헤더 파일</Filter>
    </ClInclude>
    <ClInclude Include="NetDef_IPUTIL.h">
      <Filter>헤더 파일</Filter>
    </ClInclude>
    <ClInclude Include="NetServerScan.h">
      <Filter>헤더 파일</Filter>
    </ClInclude>
    <ClInclude Include="NetUtil.h">
      <Filter>헤더 파일</Filter>
    </ClInclude>
    <ClInclude Include="OSDChangeDlg.h">
      <Filter>헤더 파일</Filter>
    </ClInclude>
    <ClInclude Include="OSDChangeThread.h">
      <Filter>헤더 파일</Filter>
    </ClInclude>
    <ClInclude Include="OXDllExt.h">
      <Filter>헤더 파일</Filter>
    </ClInclude>
    <ClInclude Include="OXMaskedEdit.h">
      <Filter>헤더 파일</Filter>
    </ClInclude>
    <ClInclude Include="ProgressListCtrl.h">
      <Filter>헤더 파일</Filter>
    </ClInclude>
    <ClInclude Include="ResolutionChangeDlg.h">
      <Filter>헤더 파일</Filter>
    </ClInclude>
    <ClInclude Include="ResolutionChangeThread.h">
      <Filter>헤더 파일</Filter>
    </ClInclude>
    <ClInclude Include="Resource.h">
      <Filter>헤더 파일</Filter>
    </ClInclude>
    <ClInclude Include="stdafx.h">
      <Filter>헤더 파일</Filter>
    </ClInclude>
    <ClInclude Include="targetver.h">
      <Filter>헤더 파일</Filter>
    </ClInclude>
    <ClInclude Include="UpgradeDefine.h">
      <Filter>헤더 파일</Filter>
    </ClInclude>
    <ClInclude Include="UpgradeDlg.h">
      <Filter>헤더 파일</Filter>
    </ClInclude>
    <ClInclude Include="UpgradeThreadHttp.h">
      <Filter>헤더 파일</Filter>
    </ClInclude>
    <ClInclude Include="UpgradeThreadTcp.h">
      <Filter>헤더 파일</Filter>
    </ClInclude>
    <ClInclude Include="VHNetworkAdaptorInfo.h">
      <Filter>헤더 파일</Filter>
    </ClInclude>
  </ItemGroup>
  <ItemGroup>
    <Image Include="res\checkboxes.bmp">
      <Filter>리소스 파일</Filter>
    </Image>
    <Image Include="res\IPScanUtil.ico">
      <Filter>리소스 파일</Filter>
    </Image>
  </ItemGroup>
  <ItemGroup>
    <ResourceCompile Include="IPScanUtil.rc">
      <Filter>리소스 파일</Filter>
    </ResourceCompile>
  </ItemGroup>
  <ItemGroup>
    <None Include="res\IPScanUtil.rc2">
      <Filter>리소스 파일</Filter>
    </None>
  </ItemGroup>
  <ItemGroup>
    <Text Include="ReadMe.txt" />
  </ItemGroup>
</Project>